
Microsoft Visual Studio Solution File, Format Version 12.00
# Visual Studio Version 17
VisualStudioVersion = 17.8.34511.84
MinimumVisualStudioVersion = 10.0.40219.1
Project("{FAE04EC0-301F-11D3-BF4B-00C04F79EFBC}") = "Task_1_4_1", "Task_1_4_1.csproj", "{3959F323-C4DA-4C39-8DF4-436A149AC300}"
EndProject
Global
	GlobalSection(SolutionConfigurationPlatforms) = preSolution
		Debug|Any CPU = Debug|Any CPU
		Release|Any CPU = Release|Any CPU
	EndGlobalSection
	GlobalSection(ProjectConfigurationPlatforms) = postSolution
		{3959F323-C4DA-4C39-8DF4-436A149AC300}.Debug|Any CPU.ActiveCfg = Debug|Any CPU
		{3959F323-C4DA-4C39-8DF4-436A149AC300}.Debug|Any CPU.Build.0 = Debug|Any CPU
		{3959F323-C4DA-4C39-8DF4-436A149AC300}.Release|Any CPU.ActiveCfg = Release|Any CPU
		{3959F323-C4DA-4C39-8DF4-436A149AC300}.Release|Any CPU.Build.0 = Release|Any CPU
	EndGlobalSection
	GlobalSection(SolutionProperties) = preSolution
		HideSolutionNode = FALSE
	EndGlobalSection
	GlobalSection(ExtensibilityGlobals) = postSolution
		SolutionGuid = {65DD31D4-F663-4622-B9F9-D546284EEA71}
	EndGlobalSection
EndGlobal
